
Microsoft Visual Studio Solution File, Format Version 12.00
# Visual Studio Version 17
VisualStudioVersion = 17.7.34024.191
MinimumVisualStudioVersion = 10.0.40219.1
Project("{FAE04EC0-301F-11D3-BF4B-00C04F79EFBC}") = "OOP3", "OOP3\OOP3.csproj", "{EB5F4653-D985-461E-A980-CFDBB852106A}"
EndProject
Global
	GlobalSection(SolutionConfigurationPlatforms) = preSolution
		Debug|Any CPU = Debug|Any CPU
		Release|Any CPU = Release|Any CPU
	EndGlobalSection
	GlobalSection(ProjectConfigurationPlatforms) = postSolution
		{EB5F4653-D985-461E-A980-CFDBB852106A}.Debug|Any CPU.ActiveCfg = Debug|Any CPU
		{EB5F4653-D985-461E-A980-CFDBB852106A}.Debug|Any CPU.Build.0 = Debug|Any CPU
		{EB5F4653-D985-461E-A980-CFDBB852106A}.Release|Any CPU.ActiveCfg = Release|Any CPU
		{EB5F4653-D985-461E-A980-CFDBB852106A}.Release|Any CPU.Build.0 = Release|Any CPU
	EndGlobalSection
	GlobalSection(SolutionProperties) = preSolution
		HideSolutionNode = FALSE
	EndGlobalSection
	GlobalSection(ExtensibilityGlobals) = postSolution
		SolutionGuid = {E8FE6273-9F5A-4B36-991E-F9CC4D519355}
	EndGlobalSection
EndGlobal
